// !$*UTF8*$!
{
	archiveVersion = 1;
	classes = {
	};
	objectVersion = 46;
	objects = {

/* Begin PBXBuildFile section */
		96A2A2DD1AB49EAE00E7B2BB /* main.m in Sources */ = {isa = PBXBuildFile; fileRef = 96A2A2DC1AB49EAE00E7B2BB /* main.m */; };
		96A2A2E51AB4A03F00E7B2BB /* Person.m in Sources */ = {isa = PBXBuildFile; fileRef = 96A2A2E41AB4A03F00E7B2BB /* Person.m */; };
/* End PBXBuildFile section */

/* Begin PBXCopyFilesBuildPhase section */
		96A2A2D71AB49EAE00E7B2BB /* CopyFiles */ = {
			isa = PBXCopyFilesBuildPhase;
			buildActionMask = 2147483647;
			dstPath = /usr/share/man/man1/;
			dstSubfolderSpec = 0;
			files = (
			);
			runOnlyForDeploymentPostprocessing = 1;
		};
/* End PBXCopyFilesBuildPhase section */

/* Begin PBXFileReference section */
		96A2A2D91AB49EAE00E7B2BB /* ClassDemo */ = {isa = PBXFileReference; explicitFileType = "compiled.mach-o.executable"; includeInIndex = 0; path = ClassDemo; sourceTree = BUILT_PRODUCTS_DIR; };
		96A2A2DC1AB49EAE00E7B2BB /* main.m */ = {isa = PBXFileReference; lastKnownFileType = sourcecode.c.objc; path = main.m; sourceTree = "<group>"; };
		96A2A2E31AB4A03F00E7B2BB /* Person.h */ = {isa = PBXFileReference; fileEncoding = 4; lastKnownFileType = sourcecode.c.h; path = Person.h; sourceTree = "<group>"; };
		96A2A2E41AB4A03F00E7B2BB /* Person.m */ = {isa = PBXFileReference; fileEncoding = 4; lastKnownFileType = sourcecode.c.objc; path = Person.m; sourceTree = "<group>"; };
/* End PBXFileReference section */

/* Begin PBXFrameworksBuildPhase section */
		96A2A2D61AB49EAE00E7B2BB /* Frameworks */ = {
			isa = PBXFrameworksBuildPhase;
			buildActionMask = 2147483647;
			files = (
			);
			runOnlyForDeploymentPostprocessing = 0;
		};
/* End PBXFrameworksBuildPhase section */

/* Begin PBXGroup section */
		96A2A2D01AB49EAE00E7B2BB = {
			isa = PBXGroup;
			children = (
				96A2A2DB1AB49EAE00E7B2BB /* ClassDemo */,
				96A2A2DA1AB49EAE00E7B2BB /* Products */,
			);
			sourceTree = "<group>";
		};
		96A2A2DA1AB49EAE00E7B2BB /* Products */ = {
			isa = PBXGroup;
			children = (
				96A2A2D91AB49EAE00E7B2BB /* ClassDemo */,
			);
			name = Products;
			sourceTree = "<group>";
		};
		96A2A2DB1AB49EAE00E7B2BB /* ClassDemo */ = {
			isa = PBXGroup;
			children = (
				96A2A2DC1AB49EAE00E7B2BB /* main.m */,
				96A2A2E31AB4A03F00E7B2BB /* Person.h */,
				96A2A2E41AB4A03F00E7B2BB /* Person.m */,
			);
			path = ClassDemo;
			sourceTree = "<group>";
		};
/* End PBXGroup section */

/* Begin PBXNativeTarget section */
		96A2A2D81AB49EAE00E7B2BB /* ClassDemo */ = {
			isa = PBXNativeTarget;
			buildConfigurationList = 96A2A2E01AB49EAE00E7B2BB /* Build configuration list for PBXNativeTarget "ClassDemo" */;
			buildPhases = (
				96A2A2D51AB49EAE00E7B2BB /* Sources */,
				96A2A2D61AB49EAE00E7B2BB /* Frameworks */,
				96A2A2D71AB49EAE00E7B2BB /* CopyFiles */,
			);
			buildRules = (
			);
			dependencies = (
			);
			name = ClassDemo;
			productName = ClassDemo;
			productReference = 96A2A2D91AB49EAE00E7B2BB /* ClassDemo */;
			productType = "com.apple.product-type.tool";
		};
/* End PBXNativeTarget section */

/* Begin PBXProject section */
		96A2A2D11AB49EAE00E7B2BB /* Project object */ = {
			isa = PBXProject;
			attributes = {
				LastUpgradeCheck = 0620;
				ORGANIZATIONNAME = tangjr;
				TargetAttributes = {
					96A2A2D81AB49EAE00E7B2BB = {
						CreatedOnToolsVersion = 6.2;
					};
				};
			};
			buildConfigurationList = 96A2A2D41AB49EAE00E7B2BB /* Build configuration list for PBXProject "ClassDemo" */;
			compatibilityVersion = "Xcode 3.2";
			developmentRegion = English;
			hasScannedForEncodings = 0;
			knownRegions = (
				en,
			);
			mainGroup = 96A2A2D01AB49EAE00E7B2BB;
			productRefGroup = 96A2A2DA1AB49EAE00E7B2BB /* Products */;
			projectDirPath = "";
			projectRoot = "";
			targets = (
				96A2A2D81AB49EAE00E7B2BB /* ClassDemo */,
			);
		};
/* End PBXProject section */

/* Begin PBXSourcesBuildPhase section */
		96A2A2D51AB49EAE00E7B2BB /* Sources */ = {
			isa = PBXSourcesBuildPhase;
			buildActionMask = 2147483647;
			files = (
				96A2A2E51AB4A03F00E7B2BB /* Person.m in Sources */,
				96A2A2DD1AB49EAE00E7B2BB /* main.m in Sources */,
			);
			runOnlyForDeploymentPostprocessing = 0;
		};
/* End PBXSourcesBuildPhase section */

/* Begin XCBuildConfiguration section */
		96A2A2DE1AB49EAE00E7B2BB /* Debug */ = {
			isa = XCBuildConfiguration;
			buildSettings = {
				ALWAYS_SEARCH_USER_PATHS = NO;
				CLANG_CXX_LANGUAGE_STANDARD = "gnu++0x";
				CLANG_CXX_LIBRARY = "libc++";
				CLANG_ENABLE_MODULES = YES;
				CLANG_ENABLE_OBJC_ARC = YES;
				CLANG_WARN_BOOL_CONVERSION = YES;
				CLANG_WARN_CONSTANT_CONVERSION = YES;
				CLANG_WARN_DIRECT_OBJC_ISA_USAGE = YES_ERROR;
				CLANG_WARN_EMPTY_BODY = YES;
				CLANG_WARN_ENUM_CONVERSION = YES;
				CLANG_WARN_INT_CONVERSION = YES;
				CLANG_WARN_OBJC_ROOT_CLASS = YES_ERROR;
				CLANG_WARN_UNREACHABLE_CODE = YES;
				CLANG_WARN__DUPLICATE_METHOD_MATCH = YES;
				COPY_PHASE_STRIP = NO;
				ENABLE_STRICT_OBJC_MSGSEND = YES;
				GCC_C_LANGUAGE_STANDARD = gnu99;
				GCC_DYNAMIC_NO_PIC = NO;
				GCC_OPTIMIZATION_LEVEL = 0;
				GCC_PREPROCESSOR_DEFINITIONS = (
					"DEBUG=1",
					"$(inherited)",
				);
				GCC_SYMBOLS_PRIVATE_EXTERN = NO;
				GCC_WARN_64_TO_32_BIT_CONVERSION = YES;
				GCC_WARN_ABOUT_RETURN_TYPE = YES_ERROR;
				GCC_WARN_UNDECLARED_SELECTOR = YES;
				GCC_WARN_UNINITIALIZED_AUTOS = YES_AGGRESSIVE;
				GCC_WARN_UNUSED_FUNCTION = YES;
				GCC_WARN_UNUSED_VARIABLE = YES;
				MACOSX_DEPLOYMENT_TARGET = 10.10;
				MTL_ENABLE_DEBUG_INFO = YES;
				ONLY_ACTIVE_ARCH = YES;
				SDKROOT = macosx;
			};
			name = Debug;
		};
		96A2A2DF1AB49EAE00E7B2BB /* Release */ = {
			isa = XCBuildConfiguration;
			buildSettings = {
				ALWAYS_SEARCH_USER_PATHS = NO;
				CLANG_CXX_LANGUAGE_STANDARD = "gnu++0x";
				CLANG_CXX_LIBRARY = "libc++";
				CLANG_ENABLE_MODULES = YES;
				CLANG_ENABLE_OBJC_ARC = YES;
				CLANG_WARN_BOOL_CONVERSION = YES;
				CLANG_WARN_CONSTANT_CONVERSION = YES;
				CLANG_WARN_DIRECT_OBJC_ISA_USAGE = YES_ERROR;
				CLANG_WARN_EMPTY_BODY = YES;
				CLANG_WARN_ENUM_CONVERSION = YES;
				CLANG_WARN_INT_CONVERSION = YES;
				CLANG_WARN_OBJC_ROOT_CLASS = YES_ERROR;
				CLANG_WARN_UNREACHABLE_CODE = YES;
				CLANG_WARN__DUPLICATE_METHOD_MATCH = YES;
				COPY_PHASE_STRIP = NO;
				DEBUG_INFORMATION_FORMAT = "dwarf-with-dsym";
				ENABLE_NS_ASSERTIONS = NO;
				ENABLE_STRICT_OBJC_MSGSEND = YES;
				GCC_C_LANGUAGE_STANDARD = gnu99;
				GCC_WARN_64_TO_32_BIT_CONVERSION = YES;
				GCC_WARN_ABOUT_RETURN_TYPE = YES_ERROR;
				GCC_WARN_UNDECLARED_SELECTOR = YES;
				GCC_WARN_UNINITIALIZED_AUTOS = YES_AGGRESSIVE;
				GCC_WARN_UNUSED_FUNCTION = YES;
				GCC_WARN_UNUSED_VARIABLE = YES;
				MACOSX_DEPLOYMENT_TARGET = 10.10;
				MTL_ENABLE_DEBUG_INFO = NO;
				SDKROOT = macosx;
			};
			name = Release;
		};
		96A2A2E11AB49EAE00E7B2BB /* Debug */ = {
			isa = XCBuildConfiguration;
			buildSettings = {
				PRODUCT_NAME = "$(TARGET_NAME)";
			};
			name = Debug;
		};
		96A2A2E21AB49EAE00E7B2BB /* Release */ = {
			isa = XCBuildConfiguration;
			buildSettings = {
				PRODUCT_NAME = "$(TARGET_NAME)";
			};
			name = Release;
		};
/* End XCBuildConfiguration section */

/* Begin XCConfigurationList section */
		96A2A2D41AB49EAE00E7B2BB /* Build configuration list for PBXProject "ClassDemo" */ = {
			isa = XCConfigurationList;
			buildConfigurations = (
				96A2A2DE1AB49EAE00E7B2BB /* Debug */,
				96A2A2DF1AB49EAE00E7B2BB /* Release */,
			);
			defaultConfigurationIsVisible = 0;
			defaultConfigurationName = Release;
		};
		96A2A2E01AB49EAE00E7B2BB /* Build configuration list for PBXNativeTarget "ClassDemo" */ = {
			isa = XCConfigurationList;
			buildConfigurations = (
				96A2A2E11AB49EAE00E7B2BB /* Debug */,
				96A2A2E21AB49EAE00E7B2BB /* Release */,
			);
			defaultConfigurationIsVisible = 0;
		};
/* End XCConfigurationList section */
	};
	rootObject = 96A2A2D11AB49EAE00E7B2BB /* Project object */;
}
